
Microsoft Visual Studio Solution File, Format Version 12.00
# Visual Studio 15
VisualStudioVersion = 15.0.26228.12
MinimumVisualStudioVersion = 10.0.40219.1
Project("{FAE04EC0-301F-11D3-BF4B-00C04F79EFBC}") = "01. Reverse String", "01. Reverse String\01. Reverse String.csproj", "{D29BAECB-EC8F-4D9C-8720-9F7246241700}"
EndProject
Project("{FAE04EC0-301F-11D3-BF4B-00C04F79EFBC}") = "02. Count Substring Occurrences", "02. Count Substring Occurrences\02. Count Substring Occurrences.csproj", "{D7C4B3CE-0A7F-4BBA-83A2-0EC856826C25}"
EndProject
Global
	GlobalSection(SolutionConfigurationPlatforms) = preSolution
		Debug|Any CPU = Debug|Any CPU
		Release|Any CPU = Release|Any CPU
	EndGlobalSection
	GlobalSection(ProjectConfigurationPlatforms) = postSolution
		{D29BAECB-EC8F-4D9C-8720-9F7246241700}.Debug|Any CPU.ActiveCfg = Debug|Any CPU
		{D29BAECB-EC8F-4D9C-8720-9F7246241700}.Debug|Any CPU.Build.0 = Debug|Any CPU
		{D29BAECB-EC8F-4D9C-8720-9F7246241700}.Release|Any CPU.ActiveCfg = Release|Any CPU
		{D29BAECB-EC8F-4D9C-8720-9F7246241700}.Release|Any CPU.Build.0 = Release|Any CPU
		{D7C4B3CE-0A7F-4BBA-83A2-0EC856826C25}.Debug|Any CPU.ActiveCfg = Debug|Any CPU
		{D7C4B3CE-0A7F-4BBA-83A2-0EC856826C25}.Debug|Any CPU.Build.0 = Debug|Any CPU
		{D7C4B3CE-0A7F-4BBA-83A2-0EC856826C25}.Release|Any CPU.ActiveCfg = Release|Any CPU
		{D7C4B3CE-0A7F-4BBA-83A2-0EC856826C25}.Release|Any CPU.Build.0 = Release|Any CPU
	EndGlobalSection
	GlobalSection(SolutionProperties) = preSolution
		HideSolutionNode = FALSE
	EndGlobalSection
EndGlobal
