
Microsoft Visual Studio Solution File, Format Version 12.00
# Visual Studio 14
VisualStudioVersion = 14.0.25123.0
MinimumVisualStudioVersion = 10.0.40219.1
Project("{FAE04EC0-301F-11D3-BF4B-00C04F79EFBC}") = "1. Average Student Grades", "1. Average Student Grades\1. Average Student Grades.csproj", "{F5DD95B1-006B-44D5-BD92-C566FA6A25B7}"
EndProject
Project("{FAE04EC0-301F-11D3-BF4B-00C04F79EFBC}") = "2. Cities by Continent and Country", "2. Cities by Continent and Country\2. Cities by Continent and Country.csproj", "{2E2310A8-4483-40CF-B25C-611263247CE7}"
EndProject
Global
	GlobalSection(SolutionConfigurationPlatforms) = preSolution
		Debug|Any CPU = Debug|Any CPU
		Release|Any CPU = Release|Any CPU
	EndGlobalSection
	GlobalSection(ProjectConfigurationPlatforms) = postSolution
		{F5DD95B1-006B-44D5-BD92-C566FA6A25B7}.Debug|Any CPU.ActiveCfg = Debug|Any CPU
		{F5DD95B1-006B-44D5-BD92-C566FA6A25B7}.Debug|Any CPU.Build.0 = Debug|Any CPU
		{F5DD95B1-006B-44D5-BD92-C566FA6A25B7}.Release|Any CPU.ActiveCfg = Release|Any CPU
		{F5DD95B1-006B-44D5-BD92-C566FA6A25B7}.Release|Any CPU.Build.0 = Release|Any CPU
		{2E2310A8-4483-40CF-B25C-611263247CE7}.Debug|Any CPU.ActiveCfg = Debug|Any CPU
		{2E2310A8-4483-40CF-B25C-611263247CE7}.Debug|Any CPU.Build.0 = Debug|Any CPU
		{2E2310A8-4483-40CF-B25C-611263247CE7}.Release|Any CPU.ActiveCfg = Release|Any CPU
		{2E2310A8-4483-40CF-B25C-611263247CE7}.Release|Any CPU.Build.0 = Release|Any CPU
	EndGlobalSection
	GlobalSection(SolutionProperties) = preSolution
		HideSolutionNode = FALSE
	EndGlobalSection
EndGlobal
