
Microsoft Visual Studio Solution File, Format Version 12.00
# Visual Studio 14
VisualStudioVersion = 14.0.25123.0
MinimumVisualStudioVersion = 10.0.40219.1
Project("{FAE04EC0-301F-11D3-BF4B-00C04F79EFBC}") = "1. Letter Repetition", "1. Letter Repetition\1. Letter Repetition.csproj", "{CD9AACC6-F7A1-4932-AA63-9265BA184D7A}"
EndProject
Project("{FAE04EC0-301F-11D3-BF4B-00C04F79EFBC}") = "2. Dict-Ref", "2. Dict-Ref\2. Dict-Ref.csproj", "{5FB0DFE2-DE49-4FEE-8C1E-E367BA9820F0}"
EndProject
Project("{FAE04EC0-301F-11D3-BF4B-00C04F79EFBC}") = "3. Mixed Phones", "3. Mixed Phones\3. Mixed Phones.csproj", "{5B4924D8-7857-418C-80A9-DB8108E8E519}"
EndProject
Project("{FAE04EC0-301F-11D3-BF4B-00C04F79EFBC}") = "4. Exam Shopping", "4. Exam Shopping\4. Exam Shopping.csproj", "{E10EBC5D-8167-4535-990F-D3269733FECE}"
EndProject
Project("{FAE04EC0-301F-11D3-BF4B-00C04F79EFBC}") = "5. User Logins", "5. User Logins\5. User Logins.csproj", "{AD17076C-1BD0-449C-B100-5253071D620E}"
EndProject
Project("{FAE04EC0-301F-11D3-BF4B-00C04F79EFBC}") = "6. Filter Base", "6. Filter Base\6. Filter Base.csproj", "{D99ABDF0-D711-4402-B0F9-58D94CDA44DC}"
EndProject
Global
	GlobalSection(SolutionConfigurationPlatforms) = preSolution
		Debug|Any CPU = Debug|Any CPU
		Release|Any CPU = Release|Any CPU
	EndGlobalSection
	GlobalSection(ProjectConfigurationPlatforms) = postSolution
		{CD9AACC6-F7A1-4932-AA63-9265BA184D7A}.Debug|Any CPU.ActiveCfg = Debug|Any CPU
		{CD9AACC6-F7A1-4932-AA63-9265BA184D7A}.Debug|Any CPU.Build.0 = Debug|Any CPU
		{CD9AACC6-F7A1-4932-AA63-9265BA184D7A}.Release|Any CPU.ActiveCfg = Release|Any CPU
		{CD9AACC6-F7A1-4932-AA63-9265BA184D7A}.Release|Any CPU.Build.0 = Release|Any CPU
		{5FB0DFE2-DE49-4FEE-8C1E-E367BA9820F0}.Debug|Any CPU.ActiveCfg = Debug|Any CPU
		{5FB0DFE2-DE49-4FEE-8C1E-E367BA9820F0}.Debug|Any CPU.Build.0 = Debug|Any CPU
		{5FB0DFE2-DE49-4FEE-8C1E-E367BA9820F0}.Release|Any CPU.ActiveCfg = Release|Any CPU
		{5FB0DFE2-DE49-4FEE-8C1E-E367BA9820F0}.Release|Any CPU.Build.0 = Release|Any CPU
		{5B4924D8-7857-418C-80A9-DB8108E8E519}.Debug|Any CPU.ActiveCfg = Debug|Any CPU
		{5B4924D8-7857-418C-80A9-DB8108E8E519}.Debug|Any CPU.Build.0 = Debug|Any CPU
		{5B4924D8-7857-418C-80A9-DB8108E8E519}.Release|Any CPU.ActiveCfg = Release|Any CPU
		{5B4924D8-7857-418C-80A9-DB8108E8E519}.Release|Any CPU.Build.0 = Release|Any CPU
		{E10EBC5D-8167-4535-990F-D3269733FECE}.Debug|Any CPU.ActiveCfg = Debug|Any CPU
		{E10EBC5D-8167-4535-990F-D3269733FECE}.Debug|Any CPU.Build.0 = Debug|Any CPU
		{E10EBC5D-8167-4535-990F-D3269733FECE}.Release|Any CPU.ActiveCfg = Release|Any CPU
		{E10EBC5D-8167-4535-990F-D3269733FECE}.Release|Any CPU.Build.0 = Release|Any CPU
		{AD17076C-1BD0-449C-B100-5253071D620E}.Debug|Any CPU.ActiveCfg = Debug|Any CPU
		{AD17076C-1BD0-449C-B100-5253071D620E}.Debug|Any CPU.Build.0 = Debug|Any CPU
		{AD17076C-1BD0-449C-B100-5253071D620E}.Release|Any CPU.ActiveCfg = Release|Any CPU
		{AD17076C-1BD0-449C-B100-5253071D620E}.Release|Any CPU.Build.0 = Release|Any CPU
		{D99ABDF0-D711-4402-B0F9-58D94CDA44DC}.Debug|Any CPU.ActiveCfg = Debug|Any CPU
		{D99ABDF0-D711-4402-B0F9-58D94CDA44DC}.Debug|Any CPU.Build.0 = Debug|Any CPU
		{D99ABDF0-D711-4402-B0F9-58D94CDA44DC}.Release|Any CPU.ActiveCfg = Release|Any CPU
		{D99ABDF0-D711-4402-B0F9-58D94CDA44DC}.Release|Any CPU.Build.0 = Release|Any CPU
	EndGlobalSection
	GlobalSection(SolutionProperties) = preSolution
		HideSolutionNode = FALSE
	EndGlobalSection
EndGlobal
