
Microsoft Visual Studio Solution File, Format Version 12.00
# Visual Studio 14
VisualStudioVersion = 14.0.25123.0
MinimumVisualStudioVersion = 10.0.40219.1
Project("{FAE04EC0-301F-11D3-BF4B-00C04F79EFBC}") = "1. Min, Max, Sum, Average", "1. Min, Max, Sum, Average\1. Min, Max, Sum, Average.csproj", "{55C320DC-EC95-43DF-A5B5-A22AD30CC9F8}"
EndProject
Project("{FAE04EC0-301F-11D3-BF4B-00C04F79EFBC}") = "2. Largest 3 Numbers", "2. Largest 3 Numbers\2. Largest 3 Numbers.csproj", "{44F30AF0-E3A9-4902-93AB-9754A49DEC36}"
EndProject
Project("{FAE04EC0-301F-11D3-BF4B-00C04F79EFBC}") = "3. Short Words Sorted", "3. Short Words Sorted\3. Short Words Sorted.csproj", "{FB4B6989-5280-4E24-8C96-EEF7E24D3D84}"
EndProject
Project("{FAE04EC0-301F-11D3-BF4B-00C04F79EFBC}") = "4. Fold and Sum", "4. Fold and Sum\4. Fold and Sum.csproj", "{5234DA8C-9B01-44B4-898C-764C267889E0}"
EndProject
Global
	GlobalSection(SolutionConfigurationPlatforms) = preSolution
		Debug|Any CPU = Debug|Any CPU
		Release|Any CPU = Release|Any CPU
	EndGlobalSection
	GlobalSection(ProjectConfigurationPlatforms) = postSolution
		{55C320DC-EC95-43DF-A5B5-A22AD30CC9F8}.Debug|Any CPU.ActiveCfg = Debug|Any CPU
		{55C320DC-EC95-43DF-A5B5-A22AD30CC9F8}.Debug|Any CPU.Build.0 = Debug|Any CPU
		{55C320DC-EC95-43DF-A5B5-A22AD30CC9F8}.Release|Any CPU.ActiveCfg = Release|Any CPU
		{55C320DC-EC95-43DF-A5B5-A22AD30CC9F8}.Release|Any CPU.Build.0 = Release|Any CPU
		{44F30AF0-E3A9-4902-93AB-9754A49DEC36}.Debug|Any CPU.ActiveCfg = Debug|Any CPU
		{44F30AF0-E3A9-4902-93AB-9754A49DEC36}.Debug|Any CPU.Build.0 = Debug|Any CPU
		{44F30AF0-E3A9-4902-93AB-9754A49DEC36}.Release|Any CPU.ActiveCfg = Release|Any CPU
		{44F30AF0-E3A9-4902-93AB-9754A49DEC36}.Release|Any CPU.Build.0 = Release|Any CPU
		{FB4B6989-5280-4E24-8C96-EEF7E24D3D84}.Debug|Any CPU.ActiveCfg = Debug|Any CPU
		{FB4B6989-5280-4E24-8C96-EEF7E24D3D84}.Debug|Any CPU.Build.0 = Debug|Any CPU
		{FB4B6989-5280-4E24-8C96-EEF7E24D3D84}.Release|Any CPU.ActiveCfg = Release|Any CPU
		{FB4B6989-5280-4E24-8C96-EEF7E24D3D84}.Release|Any CPU.Build.0 = Release|Any CPU
		{5234DA8C-9B01-44B4-898C-764C267889E0}.Debug|Any CPU.ActiveCfg = Debug|Any CPU
		{5234DA8C-9B01-44B4-898C-764C267889E0}.Debug|Any CPU.Build.0 = Debug|Any CPU
		{5234DA8C-9B01-44B4-898C-764C267889E0}.Release|Any CPU.ActiveCfg = Release|Any CPU
		{5234DA8C-9B01-44B4-898C-764C267889E0}.Release|Any CPU.Build.0 = Release|Any CPU
	EndGlobalSection
	GlobalSection(SolutionProperties) = preSolution
		HideSolutionNode = FALSE
	EndGlobalSection
EndGlobal
